
Microsoft Visual Studio Solution File, Format Version 12.00
# Visual Studio Version 16
VisualStudioVersion = 16.0.30406.217
MinimumVisualStudioVersion = 10.0.40219.1
Project("{FAE04EC0-301F-11D3-BF4B-00C04F79EFBC}") = "MSAccessApp", "MSAccessApp.csproj", "{0FF9EC7E-2C32-4149-83B2-24F437CAAE20}"
EndProject
Global
	GlobalSection(SolutionConfigurationPlatforms) = preSolution
		Debug|Any CPU = Debug|Any CPU
		Release|Any CPU = Release|Any CPU
	EndGlobalSection
	GlobalSection(ProjectConfigurationPlatforms) = postSolution
		{0FF9EC7E-2C32-4149-83B2-24F437CAAE20}.Debug|Any CPU.ActiveCfg = Debug|Any CPU
		{0FF9EC7E-2C32-4149-83B2-24F437CAAE20}.Debug|Any CPU.Build.0 = Debug|Any CPU
		{0FF9EC7E-2C32-4149-83B2-24F437CAAE20}.Release|Any CPU.ActiveCfg = Release|Any CPU
		{0FF9EC7E-2C32-4149-83B2-24F437CAAE20}.Release|Any CPU.Build.0 = Release|Any CPU
	EndGlobalSection
	GlobalSection(SolutionProperties) = preSolution
		HideSolutionNode = FALSE
	EndGlobalSection
	GlobalSection(ExtensibilityGlobals) = postSolution
		SolutionGuid = {383B4B1A-0E64-42E2-B8CA-B66A07D1C770}
	EndGlobalSection
EndGlobal
